
Microsoft Visual Studio Solution File, Format Version 11.00
# Visual C# Express 2010
Project("{FAE04EC0-301F-11D3-BF4B-00C04F79EFBC}") = "Frank SO Demand Report", "Frank SO Demand Report\Frank SO Demand Report.csproj", "{909A96A7-F773-4CF5-BB46-787F1906B564}"
EndProject
Global
	GlobalSection(SolutionConfigurationPlatforms) = preSolution
		Debug|x86 = Debug|x86
		Release|x86 = Release|x86
	EndGlobalSection
	GlobalSection(ProjectConfigurationPlatforms) = postSolution
		{909A96A7-F773-4CF5-BB46-787F1906B564}.Debug|x86.ActiveCfg = Debug|x86
		{909A96A7-F773-4CF5-BB46-787F1906B564}.Debug|x86.Build.0 = Debug|x86
		{909A96A7-F773-4CF5-BB46-787F1906B564}.Release|x86.ActiveCfg = Release|x86
		{909A96A7-F773-4CF5-BB46-787F1906B564}.Release|x86.Build.0 = Release|x86
	EndGlobalSection
	GlobalSection(SolutionProperties) = preSolution
		HideSolutionNode = FALSE
	EndGlobalSection
EndGlobal
